hash: 3b260e74df566a36be8190b73385837080db1279c89633b0c16a9769ab59b91f
updated: 2017-04-16T22:39:37.519597182-06:00
imports:
- name: github.com/gorilla/context
  version: 08b5f424b9271eedf6f9f0ce86cb9396ed337a42
- name: github.com/gorilla/mux
  version: 392c28fe23e1c45ddba891b0320b3b5df220beea
- name: github.com/sirupsen/logrus
  version: 10f801ebc38b33738c9d17d50860f484a0988ff5
- name: golang.org/x/sys
  version: aaabbdc969c3935a2a7f61efac801e7163c73a2a
  subpackages:
  - unix
testImports: []
